
Microsoft Visual Studio Solution File, Format Version 12.00
# Visual Studio Version 16
VisualStudioVersion = 16.0.32901.82
MinimumVisualStudioVersion = 10.0.40219.1
Project("{FAE04EC0-301F-11D3-BF4B-00C04F79EFBC}") = "Repositorio", "Repositorio\Repositorio.csproj", "{24A47BD4-33B5-4CE8-B8DA-981E49D1EE42}"
EndProject
Project("{FAE04EC0-301F-11D3-BF4B-00C04F79EFBC}") = "Negocio", "Negocio\Negocio.csproj", "{746D007B-E987-4C36-BE81-B8EFD9CA3070}"
EndProject
Project("{FAE04EC0-301F-11D3-BF4B-00C04F79EFBC}") = "Entidades", "Entidades\Entidades.csproj", "{422C1C83-FDFA-4FE1-BF07-C889AB5A271D}"
EndProject
Project("{FAE04EC0-301F-11D3-BF4B-00C04F79EFBC}") = "IoC", "IoC\IoC.csproj", "{CD9F42A8-AF66-4458-A77D-1D14F0CDC126}"
EndProject
Project("{FAE04EC0-301F-11D3-BF4B-00C04F79EFBC}") = "WebExamenDinet", "WebExamenDinet\WebExamenDinet.csproj", "{79BDE6F0-EAF2-4DFC-AC21-6A35E11D0B6B}"
EndProject
Global
	GlobalSection(SolutionConfigurationPlatforms) = preSolution
		Debug|Any CPU = Debug|Any CPU
		Release|Any CPU = Release|Any CPU
	EndGlobalSection
	GlobalSection(ProjectConfigurationPlatforms) = postSolution
		{24A47BD4-33B5-4CE8-B8DA-981E49D1EE42}.Debug|Any CPU.ActiveCfg = Debug|Any CPU
		{24A47BD4-33B5-4CE8-B8DA-981E49D1EE42}.Debug|Any CPU.Build.0 = Debug|Any CPU
		{24A47BD4-33B5-4CE8-B8DA-981E49D1EE42}.Release|Any CPU.ActiveCfg = Release|Any CPU
		{24A47BD4-33B5-4CE8-B8DA-981E49D1EE42}.Release|Any CPU.Build.0 = Release|Any CPU
		{746D007B-E987-4C36-BE81-B8EFD9CA3070}.Debug|Any CPU.ActiveCfg = Debug|Any CPU
		{746D007B-E987-4C36-BE81-B8EFD9CA3070}.Debug|Any CPU.Build.0 = Debug|Any CPU
		{746D007B-E987-4C36-BE81-B8EFD9CA3070}.Release|Any CPU.ActiveCfg = Release|Any CPU
		{746D007B-E987-4C36-BE81-B8EFD9CA3070}.Release|Any CPU.Build.0 = Release|Any CPU
		{422C1C83-FDFA-4FE1-BF07-C889AB5A271D}.Debug|Any CPU.ActiveCfg = Debug|Any CPU
		{422C1C83-FDFA-4FE1-BF07-C889AB5A271D}.Debug|Any CPU.Build.0 = Debug|Any CPU
		{422C1C83-FDFA-4FE1-BF07-C889AB5A271D}.Release|Any CPU.ActiveCfg = Release|Any CPU
		{422C1C83-FDFA-4FE1-BF07-C889AB5A271D}.Release|Any CPU.Build.0 = Release|Any CPU
		{CD9F42A8-AF66-4458-A77D-1D14F0CDC126}.Debug|Any CPU.ActiveCfg = Debug|Any CPU
		{CD9F42A8-AF66-4458-A77D-1D14F0CDC126}.Debug|Any CPU.Build.0 = Debug|Any CPU
		{CD9F42A8-AF66-4458-A77D-1D14F0CDC126}.Release|Any CPU.ActiveCfg = Release|Any CPU
		{CD9F42A8-AF66-4458-A77D-1D14F0CDC126}.Release|Any CPU.Build.0 = Release|Any CPU
		{79BDE6F0-EAF2-4DFC-AC21-6A35E11D0B6B}.Debug|Any CPU.ActiveCfg = Debug|Any CPU
		{79BDE6F0-EAF2-4DFC-AC21-6A35E11D0B6B}.Debug|Any CPU.Build.0 = Debug|Any CPU
		{79BDE6F0-EAF2-4DFC-AC21-6A35E11D0B6B}.Release|Any CPU.ActiveCfg = Release|Any CPU
		{79BDE6F0-EAF2-4DFC-AC21-6A35E11D0B6B}.Release|Any CPU.Build.0 = Release|Any CPU
	EndGlobalSection
	GlobalSection(SolutionProperties) = preSolution
		HideSolutionNode = FALSE
	EndGlobalSection
	GlobalSection(ExtensibilityGlobals) = postSolution
		SolutionGuid = {429F8022-53F2-4632-9981-FA2F1B17680E}
	EndGlobalSection
EndGlobal
